<?xml version="1.0" encoding="utf-8"?>
<Project ToolsVersion="4.0" xmlns="http://schemas.microsoft.com/developer/msbuild/2003">
  <ItemGroup>
    <Filter Include="Common">
      <UniqueIdentifier>f32329a3-cc70-4f2f-8186-324a5b3dbf61</UniqueIdentifier>
    </Filter>
    <Filter Include="Assets">
      <UniqueIdentifier>4877be50-d82b-49ce-b825-5f640c3498cf</UniqueIdentifier>
      <Extensions>ico;cur;bmp;dds;dlg;fbx;rct;bin;rgs;gif;jpg;jpeg;jpe;resx;tga;tiff;tif;png;wav;mfcribbon-ms</Extensions>
    </Filter>
    <Filter Include="ImaseLib">
      <UniqueIdentifier>{2c29bfe8-ac71-45ba-8909-f731d5a51b96}</UniqueIdentifier>
    </Filter>
    <Filter Include="DirectXTK_Utilities">
      <UniqueIdentifier>{b9855007-75dd-44b7-bb00-1e824ff358fe}</UniqueIdentifier>
    </Filter>
  </ItemGroup>
  <ItemGroup>
    <ClInclude Include="pch.h" />
    <ClInclude Include="Game.h" />
    <ClInclude Include="Common\StepTimer.h">
      <Filter>Common</Filter>
    </ClInclude>
    <ClInclude Include="Common\DeviceResources.h">
      <Filter>Common</Filter>
    </ClInclude>
    <ClInclude Include="ImaseLib\DebugCamera.h">
      <Filter>ImaseLib</Filter>
    </ClInclude>
    <ClInclude Include="ImaseLib\GridFloor.h">
      <Filter>ImaseLib</Filter>
    </ClInclude>
    <ClInclude Include="DirectXTK_Utilities\DebugDraw.h">
      <Filter>DirectXTK_Utilities</Filter>
    </ClInclude>
    <ClInclude Include="ImaseLib\DebugRenderer.h">
      <Filter>ImaseLib</Filter>
    </ClInclude>
  </ItemGroup>
  <ItemGroup>
    <ClCompile Include="pch.cpp" />
    <ClCompile Include="Game.cpp" />
    <ClCompile Include="Main.cpp" />
    <ClCompile Include="Common\DeviceResources.cpp">
      <Filter>Common</Filter>
    </ClCompile>
    <ClCompile Include="ImaseLib\DebugCamera.cpp">
      <Filter>ImaseLib</Filter>
    </ClCompile>
    <ClCompile Include="ImaseLib\GridFloor.cpp">
      <Filter>ImaseLib</Filter>
    </ClCompile>
    <ClCompile Include="DirectXTK_Utilities\DebugDraw.cpp">
      <Filter>DirectXTK_Utilities</Filter>
    </ClCompile>
    <ClCompile Include="ImaseLib\DebugRenderer.cpp">
      <Filter>ImaseLib</Filter>
    </ClCompile>
  </ItemGroup>
  <ItemGroup>
    <ResourceCompile Include="resource.rc" />
  </ItemGroup>
  <ItemGroup>
    <Image Include="directx.ico">
      <Filter>Assets</Filter>
    </Image>
  </ItemGroup>
  <ItemGroup>
    <Manifest Include="settings.manifest">
      <Filter>Assets</Filter>
    </Manifest>
  </ItemGroup>
  <ItemGroup>
    <None Include="packages.config" />
  </ItemGroup>
</Project>